
Microsoft Visual Studio Solution File, Format Version 12.00
Project("{FAE04EC0-301F-11D3-BF4B-00C04F79EFBC}") = "Lesson6m", "Lesson6m\Lesson6m.csproj", "{0586E51E-E90F-4C8C-B37C-E19650894861}"
EndProject
Global
	GlobalSection(SolutionConfigurationPlatforms) = preSolution
		Debug|Any CPU = Debug|Any CPU
		Release|Any CPU = Release|Any CPU
	EndGlobalSection
	GlobalSection(ProjectConfigurationPlatforms) = postSolution
		{0586E51E-E90F-4C8C-B37C-E19650894861}.Debug|Any CPU.ActiveCfg = Debug|Any CPU
		{0586E51E-E90F-4C8C-B37C-E19650894861}.Debug|Any CPU.Build.0 = Debug|Any CPU
		{0586E51E-E90F-4C8C-B37C-E19650894861}.Release|Any CPU.ActiveCfg = Release|Any CPU
		{0586E51E-E90F-4C8C-B37C-E19650894861}.Release|Any CPU.Build.0 = Release|Any CPU
	EndGlobalSection
EndGlobal
